github.com/RandyWiratamaa/golang-module v1.0.0 h1:ppWrV0gFNqoJ7MrvPD1cebd45/qWgYusjyZnLvSErrs=
github.com/RandyWiratamaa/golang-module v1.0.0/go.mod h1:fX8rocsENM+CDD0ren9af68g4agJdPWVkWrYmohv0+Q=
github.com/RandyWiratamaa/golang-module v1.0.1 h1:lb+j1BTHqbHUtZxUlKFQkASXy4p/HOExBHhs3j0nLas=
github.com/RandyWiratamaa/golang-module v1.0.1/go.mod h1:fX8rocsENM+CDD0ren9af68g4agJdPWVkWrYmohv0+Q=
